PODS:
  - AelfPortkey (0.1.0)
  - FBSnapshotTestCase (2.1.4):
    - FBSnapshotTestCase/SwiftSupport (= 2.1.4)
  - FBSnapshotTestCase/Core (2.1.4)
  - FBSnapshotTestCase/SwiftSupport (2.1.4):
    - FBSnapshotTestCase/Core

DEPENDENCIES:
  - AelfPortkey (from `../`)
  - FBSnapshotTestCase

SPEC REPOS:
  trunk:
    - FBSnapshotTestCase

EXTERNAL SOURCES:
  AelfPortkey:
    :path: "../"

SPEC CHECKSUMS:
  AelfPortkey: 2cb8e90350d7f37786289b9bec98a07ec8124cfc
  FBSnapshotTestCase: 094f9f314decbabe373b87cc339bea235a63e07a

PODFILE CHECKSUM: d0fdb920e13cfbcf8c9da191d03ad5b5e5e51237

COCOAPODS: 1.12.1
